
Microsoft Visual Studio Solution File, Format Version 12.00
# Visual Studio 2017
Project("{FAE04EC0-301F-11D3-BF4B-00C04F79EFBC}") = "Unity-Android", "Unity-Android.csproj", "{CBF0DCFA-DF4B-596F-A706-64ECF2D0F1DD}"
EndProject
Global
	GlobalSection(SolutionConfigurationPlatforms) = preSolution
		Debug|Any CPU = Debug|Any CPU
		Release|Any CPU = Release|Any CPU
	EndGlobalSection
	GlobalSection(ProjectConfigurationPlatforms) = postSolution
		{CBF0DCFA-DF4B-596F-A706-64ECF2D0F1DD}.Debug|Any CPU.ActiveCfg = Debug|Any CPU
		{CBF0DCFA-DF4B-596F-A706-64ECF2D0F1DD}.Debug|Any CPU.Build.0 = Debug|Any CPU
		{CBF0DCFA-DF4B-596F-A706-64ECF2D0F1DD}.Release|Any CPU.ActiveCfg = Release|Any CPU
		{CBF0DCFA-DF4B-596F-A706-64ECF2D0F1DD}.Release|Any CPU.Build.0 = Release|Any CPU
	EndGlobalSection
	GlobalSection(SolutionProperties) = preSolution
		HideSolutionNode = FALSE
	EndGlobalSection
EndGlobal
